<?xml version="1.0" encoding="utf-8"?>
<Project ToolsVersion="4.0" xmlns="http://schemas.microsoft.com/developer/msbuild/2003">
  <ItemGroup>
    <FxCompile Include="PostProcessingComputeShader.hlsl">
      <Filter>Shaders</Filter>
    </FxCompile>
    <FxCompile Include="SimplePixelShader.hlsl">
      <Filter>Shaders</Filter>
    </FxCompile>
    <FxCompile Include="SimpleVertexShader.hlsl">
      <Filter>Shaders</Filter>
    </FxCompile>
    <FxCompile Include="SimpleDomainShader.hlsl">
      <Filter>Shaders</Filter>
    </FxCompile>
    <FxCompile Include="SimpleHullShader.hlsl">
      <Filter>Shaders</Filter>
    </FxCompile>
    <FxCompile Include="SimpleGeometryShader.hlsl">
      <Filter>Shaders</Filter>
    </FxCompile>
    <FxCompile Include="TestVertexShader.hlsl">
      <Filter>Shaders\Test</Filter>
    </FxCompile>
    <FxCompile Include="TestPixelShader.hlsl">
      <Filter>Shaders\Test</Filter>
    </FxCompile>
    <FxCompile Include="CBTCommon.hlsl">
      <Filter>Shaders</Filter>
    </FxCompile>
    <FxCompile Include="Docs\ConcurrentBinaryTree.hlsl">
      <Filter>Docs</Filter>
    </FxCompile>
    <FxCompile Include="DispatcherKernel.hlsl">
      <Filter>Shaders</Filter>
    </FxCompile>
    <FxCompile Include="SubdivisionKernel.hlsl">
      <Filter>Shaders</Filter>
    </FxCompile>
    <FxCompile Include="SumReductionKernel.hlsl">
      <Filter>Shaders</Filter>
    </FxCompile>
  </ItemGroup>
  <ItemGroup>
    <ClCompile Include="App.cpp" />
    <ClCompile Include="pch.cpp" />
    <ClCompile Include="imgui_impl_uwp.cpp">
      <Filter>Miniproject</Filter>
    </ClCompile>
    <ClCompile Include="HeightmapReader.cpp" />
    <ClCompile Include="Camera.cpp">
      <Filter>Miniproject\Utils</Filter>
    </ClCompile>
    <ClCompile Include="GPUDiagnostics.cpp">
      <Filter>Miniproject\Utils</Filter>
    </ClCompile>
    <ClCompile Include="..\ImGUI\imgui.cpp">
      <Filter>ImGui</Filter>
    </ClCompile>
    <ClCompile Include="..\ImGUI\imgui_demo.cpp">
      <Filter>ImGui</Filter>
    </ClCompile>
    <ClCompile Include="..\ImGUI\imgui_draw.cpp">
      <Filter>ImGui</Filter>
    </ClCompile>
    <ClCompile Include="..\ImGUI\imgui_impl_dx12.cpp">
      <Filter>ImGui</Filter>
    </ClCompile>
    <ClCompile Include="..\ImGUI\imgui_impl_uwp.cpp">
      <Filter>ImGui</Filter>
    </ClCompile>
    <ClCompile Include="..\ImGUI\imgui_tables.cpp">
      <Filter>ImGui</Filter>
    </ClCompile>
    <ClCompile Include="..\ImGUI\imgui_widgets.cpp">
      <Filter>ImGui</Filter>
    </ClCompile>
    <ClCompile Include="..\ImGUI\pch.cpp">
      <Filter>ImGui</Filter>
    </ClCompile>
    <ClCompile Include="WrapperAddons\BufferWithView.cpp">
      <Filter>WrapperAddons</Filter>
    </ClCompile>
    <ClCompile Include="ResourceHandler.cpp">
      <Filter>WrapperAddons</Filter>
    </ClCompile>
    <ClCompile Include="BisectorMesh.cpp">
      <Filter>Miniproject</Filter>
    </ClCompile>
  </ItemGroup>
  <ItemGroup>
    <ClInclude Include="pch.h" />
    <ClInclude Include="imgui_impl_uwp.h">
      <Filter>Miniproject</Filter>
    </ClInclude>
    <ClInclude Include="HeightmapReader.h" />
    <ClInclude Include="Camera.h">
      <Filter>Miniproject\Utils</Filter>
    </ClInclude>
    <ClInclude Include="GPUDiagnostics.h">
      <Filter>Miniproject\Utils</Filter>
    </ClInclude>
    <ClInclude Include="..\ImGUI\imconfig.h">
      <Filter>ImGui</Filter>
    </ClInclude>
    <ClInclude Include="..\ImGUI\imgui.h">
      <Filter>ImGui</Filter>
    </ClInclude>
    <ClInclude Include="..\ImGUI\imgui_impl_dx12.h">
      <Filter>ImGui</Filter>
    </ClInclude>
    <ClInclude Include="..\ImGUI\imgui_impl_uwp.h">
      <Filter>ImGui</Filter>
    </ClInclude>
    <ClInclude Include="..\ImGUI\imgui_internal.h">
      <Filter>ImGui</Filter>
    </ClInclude>
    <ClInclude Include="..\ImGUI\imstb_rectpack.h">
      <Filter>ImGui</Filter>
    </ClInclude>
    <ClInclude Include="..\ImGUI\imstb_textedit.h">
      <Filter>ImGui</Filter>
    </ClInclude>
    <ClInclude Include="..\ImGUI\imstb_truetype.h">
      <Filter>ImGui</Filter>
    </ClInclude>
    <ClInclude Include="..\ImGUI\Includes\includes.h">
      <Filter>ImGui</Filter>
    </ClInclude>
    <ClInclude Include="..\ImGUI\pch.h">
      <Filter>ImGui</Filter>
    </ClInclude>
    <ClInclude Include="..\ImGUI\targetver.h">
      <Filter>ImGui</Filter>
    </ClInclude>
    <ClInclude Include="DrawPrimitivesUtil.h">
      <Filter>Miniproject\Utils\ImGui</Filter>
    </ClInclude>
    <ClInclude Include="cbt_helper.h">
      <Filter>Miniproject\Utils\CBT</Filter>
    </ClInclude>
    <ClInclude Include="leb.h">
      <Filter>Miniproject\Utils\CBT</Filter>
    </ClInclude>
    <ClInclude Include="cbt.h">
      <Filter>Miniproject\Utils\CBT</Filter>
    </ClInclude>
    <ClInclude Include="WrapperAddons\BufferWithView.h">
      <Filter>WrapperAddons</Filter>
    </ClInclude>
    <ClInclude Include="ResourceHandler.h">
      <Filter>WrapperAddons</Filter>
    </ClInclude>
    <ClInclude Include="MutableMeshBase.h">
      <Filter>Miniproject</Filter>
    </ClInclude>
    <ClInclude Include="BisectorMesh.h">
      <Filter>Miniproject</Filter>
    </ClInclude>
  </ItemGroup>
  <ItemGroup>
    <Image Include="Assets\LockScreenLogo.scale-200.png" />
    <Image Include="Assets\SplashScreen.scale-200.png" />
    <Image Include="Assets\Square150x150Logo.scale-200.png" />
    <Image Include="Assets\Square44x44Logo.scale-200.png" />
    <Image Include="Assets\Square44x44Logo.targetsize-24_altform-unplated.png" />
    <Image Include="Assets\StoreLogo.png" />
    <Image Include="Assets\Wide310x150Logo.scale-200.png" />
    <Image Include="image.jpeg" />
    <Image Include="47_473_19_062_15_100_100.png">
      <Filter>Mapfiles</Filter>
    </Image>
    <Image Include="27_985_86_924_10_4000_4000.png">
      <Filter>Mapfiles</Filter>
    </Image>
    <Image Include="27_985_86_924_10_250_250.png">
      <Filter>Mapfiles</Filter>
    </Image>
    <Image Include="27_985_86_924_10_500_250.png">
      <Filter>Mapfiles</Filter>
    </Image>
    <Image Include="27_985_86_924_10_500_500.png">
      <Filter>Mapfiles</Filter>
    </Image>
    <Image Include="27_985_86_924_10_1000_500.png">
      <Filter>Mapfiles</Filter>
    </Image>
    <Image Include="27_985_86_924_10_1000_1000.png">
      <Filter>Mapfiles</Filter>
    </Image>
    <Image Include="27_985_86_924_10_2000_1000.png">
      <Filter>Mapfiles</Filter>
    </Image>
    <Image Include="27_985_86_924_10_2000_2000.png">
      <Filter>Mapfiles</Filter>
    </Image>
    <Image Include="27_987_86_925_6_8_8.png">
      <Filter>Mapfiles</Filter>
    </Image>
  </ItemGroup>
  <ItemGroup>
    <AppxManifest Include="Package.appxmanifest" />
  </ItemGroup>
  <ItemGroup>
    <None Include="packages.config" />
    <None Include="PropertySheet.props" />
  </ItemGroup>
  <ItemGroup>
    <Text Include="readme.txt" />
  </ItemGroup>
  <ItemGroup>
    <Filter Include="Miniproject">
      <UniqueIdentifier>{28adcd1c-1732-4267-820d-38043866c288}</UniqueIdentifier>
    </Filter>
    <Filter Include="Mapfiles">
      <UniqueIdentifier>{da5499c5-058f-494c-bf35-3d0636592719}</UniqueIdentifier>
    </Filter>
    <Filter Include="Shaders">
      <UniqueIdentifier>{0a15f590-d674-4cfa-996b-32c4a881a471}</UniqueIdentifier>
    </Filter>
    <Filter Include="Miniproject\Utils">
      <UniqueIdentifier>{0913ca7a-a9ee-4ce8-b6f5-18557311256b}</UniqueIdentifier>
    </Filter>
    <Filter Include="Miniproject\Primitives">
      <UniqueIdentifier>{8c2c560e-6a61-4e61-b413-fb34c7fe7f21}</UniqueIdentifier>
    </Filter>
    <Filter Include="Shaders\Test">
      <UniqueIdentifier>{b917e11b-ad71-404f-ab05-58a28e33b0ef}</UniqueIdentifier>
    </Filter>
    <Filter Include="Miniproject\Utils\CBT">
      <UniqueIdentifier>{23c8f33d-17ff-49ef-b149-f68758d5dbe3}</UniqueIdentifier>
    </Filter>
    <Filter Include="ImGui">
      <UniqueIdentifier>{a3a05483-7579-44cb-b943-26271d4fe946}</UniqueIdentifier>
    </Filter>
    <Filter Include="Miniproject\Utils\ImGui">
      <UniqueIdentifier>{20d91b55-8322-4adf-8765-d465a468deb1}</UniqueIdentifier>
    </Filter>
    <Filter Include="WrapperAddons">
      <UniqueIdentifier>{f745a44a-4452-4177-87cd-3d88127555ee}</UniqueIdentifier>
    </Filter>
    <Filter Include="Docs">
      <UniqueIdentifier>{9dae2289-65ca-41f8-bf42-fbe8193cec11}</UniqueIdentifier>
    </Filter>
  </ItemGroup>
</Project>