<?xml version="1.0" encoding="utf-8"?>
<Project ToolsVersion="4.0" xmlns="http://schemas.microsoft.com/developer/msbuild/2003">
  <ItemGroup>
    <FxCompile Include="PostProcessingComputeShader.hlsl" />
    <FxCompile Include="SimplePixelShader.hlsl" />
    <FxCompile Include="SimpleVertexShader.hlsl" />
  </ItemGroup>
  <ItemGroup>
    <ClCompile Include="App.cpp" />
    <ClCompile Include="pch.cpp" />
    <ClCompile Include="HeightmapReader.cpp" />
  </ItemGroup>
  <ItemGroup>
    <ClInclude Include="pch.h" />
    <ClInclude Include="HeightmapReader.h" />
  </ItemGroup>
  <ItemGroup>
    <Image Include="Assets\LockScreenLogo.scale-200.png" />
    <Image Include="Assets\SplashScreen.scale-200.png" />
    <Image Include="Assets\Square150x150Logo.scale-200.png" />
    <Image Include="Assets\Square44x44Logo.scale-200.png" />
    <Image Include="Assets\Square44x44Logo.targetsize-24_altform-unplated.png" />
    <Image Include="Assets\StoreLogo.png" />
    <Image Include="Assets\Wide310x150Logo.scale-200.png" />
    <Image Include="image.jpeg" />
    <Image Include="47_473_19_062_15_100_100.png">
      <Filter>Mapfiles</Filter>
    </Image>
  </ItemGroup>
  <ItemGroup>
    <AppxManifest Include="Package.appxmanifest" />
  </ItemGroup>
  <ItemGroup>
    <None Include="packages.config" />
    <None Include="PropertySheet.props" />
  </ItemGroup>
  <ItemGroup>
    <Text Include="readme.txt" />
    <Text Include="..\..\heighmap data\output\test.txt">
      <Filter>Miniproject\TestInputs</Filter>
    </Text>
  </ItemGroup>
  <ItemGroup>
    <Filter Include="Miniproject">
      <UniqueIdentifier>{28adcd1c-1732-4267-820d-38043866c288}</UniqueIdentifier>
    </Filter>
    <Filter Include="Miniproject\TestInputs">
      <UniqueIdentifier>{0bf42aec-27b7-462b-b21f-6e9ae535f4ba}</UniqueIdentifier>
    </Filter>
    <Filter Include="Mapfiles">
      <UniqueIdentifier>{da5499c5-058f-494c-bf35-3d0636592719}</UniqueIdentifier>
    </Filter>
  </ItemGroup>
</Project>